
Microsoft Visual Studio Solution File, Format Version 12.00
# Visual Studio Version 16
VisualStudioVersion = 16.0.31702.278
MinimumVisualStudioVersion = 10.0.40219.1
Project("{FAE04EC0-301F-11D3-BF4B-00C04F79EFBC}") = "домашнее задание 1.2", "домашнее задание 1.2\домашнее задание 1.2.csproj", "{B4D97F91-6E8D-4728-B504-4BEFB800BD6E}"
EndProject
Global
	GlobalSection(SolutionConfigurationPlatforms) = preSolution
		Debug|Any CPU = Debug|Any CPU
		Release|Any CPU = Release|Any CPU
	EndGlobalSection
	GlobalSection(ProjectConfigurationPlatforms) = postSolution
		{B4D97F91-6E8D-4728-B504-4BEFB800BD6E}.Debug|Any CPU.ActiveCfg = Debug|Any CPU
		{B4D97F91-6E8D-4728-B504-4BEFB800BD6E}.Debug|Any CPU.Build.0 = Debug|Any CPU
		{B4D97F91-6E8D-4728-B504-4BEFB800BD6E}.Release|Any CPU.ActiveCfg = Release|Any CPU
		{B4D97F91-6E8D-4728-B504-4BEFB800BD6E}.Release|Any CPU.Build.0 = Release|Any CPU
	EndGlobalSection
	GlobalSection(SolutionProperties) = preSolution
		HideSolutionNode = FALSE
	EndGlobalSection
	GlobalSection(ExtensibilityGlobals) = postSolution
		SolutionGuid = {53AC683F-8CEE-46B3-9721-2043D653A5F5}
	EndGlobalSection
EndGlobal
