
Microsoft Visual Studio Solution File, Format Version 12.00
# Visual Studio Version 16
VisualStudioVersion = 16.0.31702.278
MinimumVisualStudioVersion = 10.0.40219.1
Project("{9A19103F-16F7-4668-BE54-9A1E7A4F7556}") = "домашнее Задание 4.1", "домашнее Задание 4.1\домашнее Задание 4.1.csproj", "{8414ECCD-8C93-455B-AE8C-EC00D983622B}"
EndProject
Project("{9A19103F-16F7-4668-BE54-9A1E7A4F7556}") = "Домашнее задание 4.2", "Домашнее задание 4.2\Домашнее задание 4.2.csproj", "{87390344-0F1E-41B8-A6FA-5DB46A76AA73}"
EndProject
Project("{FAE04EC0-301F-11D3-BF4B-00C04F79EFBC}") = "Домашнее Задание 4,3", "Домашнее Задание 4,3\Домашнее Задание 4,3.csproj", "{81F9ACFC-A925-4628-ADF3-7D682DF40DE1}"
EndProject
Global
	GlobalSection(SolutionConfigurationPlatforms) = preSolution
		Debug|Any CPU = Debug|Any CPU
		Release|Any CPU = Release|Any CPU
	EndGlobalSection
	GlobalSection(ProjectConfigurationPlatforms) = postSolution
		{8414ECCD-8C93-455B-AE8C-EC00D983622B}.Debug|Any CPU.ActiveCfg = Debug|Any CPU
		{8414ECCD-8C93-455B-AE8C-EC00D983622B}.Debug|Any CPU.Build.0 = Debug|Any CPU
		{8414ECCD-8C93-455B-AE8C-EC00D983622B}.Release|Any CPU.ActiveCfg = Release|Any CPU
		{8414ECCD-8C93-455B-AE8C-EC00D983622B}.Release|Any CPU.Build.0 = Release|Any CPU
		{87390344-0F1E-41B8-A6FA-5DB46A76AA73}.Debug|Any CPU.ActiveCfg = Debug|Any CPU
		{87390344-0F1E-41B8-A6FA-5DB46A76AA73}.Debug|Any CPU.Build.0 = Debug|Any CPU
		{87390344-0F1E-41B8-A6FA-5DB46A76AA73}.Release|Any CPU.ActiveCfg = Release|Any CPU
		{87390344-0F1E-41B8-A6FA-5DB46A76AA73}.Release|Any CPU.Build.0 = Release|Any CPU
		{81F9ACFC-A925-4628-ADF3-7D682DF40DE1}.Debug|Any CPU.ActiveCfg = Debug|Any CPU
		{81F9ACFC-A925-4628-ADF3-7D682DF40DE1}.Debug|Any CPU.Build.0 = Debug|Any CPU
		{81F9ACFC-A925-4628-ADF3-7D682DF40DE1}.Release|Any CPU.ActiveCfg = Release|Any CPU
		{81F9ACFC-A925-4628-ADF3-7D682DF40DE1}.Release|Any CPU.Build.0 = Release|Any CPU
	EndGlobalSection
	GlobalSection(SolutionProperties) = preSolution
		HideSolutionNode = FALSE
	EndGlobalSection
	GlobalSection(ExtensibilityGlobals) = postSolution
		SolutionGuid = {AF5BD439-2FD3-4CC7-97E3-4BDA54FA9E06}
	EndGlobalSection
EndGlobal
